
Microsoft Visual Studio Solution File, Format Version 12.00
# Visual Studio Version 16
VisualStudioVersion = 16.0.30717.126
MinimumVisualStudioVersion = 10.0.40219.1
Project("{FAE04EC0-301F-11D3-BF4B-00C04F79EFBC}") = "BT3_102190161_LêHoàngNgọcHân", "BT3_102190161_LêHoàngNgọcHân.csproj", "{032FC6F8-4684-4CF3-9EB0-FE444CABE8ED}"
EndProject
Global
	GlobalSection(SolutionConfigurationPlatforms) = preSolution
		Debug|Any CPU = Debug|Any CPU
		Release|Any CPU = Release|Any CPU
	EndGlobalSection
	GlobalSection(ProjectConfigurationPlatforms) = postSolution
		{032FC6F8-4684-4CF3-9EB0-FE444CABE8ED}.Debug|Any CPU.ActiveCfg = Debug|Any CPU
		{032FC6F8-4684-4CF3-9EB0-FE444CABE8ED}.Debug|Any CPU.Build.0 = Debug|Any CPU
		{032FC6F8-4684-4CF3-9EB0-FE444CABE8ED}.Release|Any CPU.ActiveCfg = Release|Any CPU
		{032FC6F8-4684-4CF3-9EB0-FE444CABE8ED}.Release|Any CPU.Build.0 = Release|Any CPU
	EndGlobalSection
	GlobalSection(SolutionProperties) = preSolution
		HideSolutionNode = FALSE
	EndGlobalSection
	GlobalSection(ExtensibilityGlobals) = postSolution
		SolutionGuid = {0A55B9D4-0EC9-4AFD-9457-7BE229BB7166}
	EndGlobalSection
EndGlobal
